// !$*UTF8*$!
{
	archiveVersion = 1;
	classes = {
	};
	objectVersion = 56;
	objects = {

/* Begin PBXBuildFile section */
		5C8A860D295FA669004AC41E /* WordGameIOS_V_1App.swift in Sources */ = {isa = PBXBuildFile; fileRef = 5C8A860C295FA669004AC41E /* WordGameIOS_V_1App.swift */; };
		5C8A860F295FA669004AC41E /* ContentView.swift in Sources */ = {isa = PBXBuildFile; fileRef = 5C8A860E295FA669004AC41E /* ContentView.swift */; };
		5C8A8611295FA66B004AC41E /* Assets.xcassets in Resources */ = {isa = PBXBuildFile; fileRef = 5C8A8610295FA66B004AC41E /* Assets.xcassets */; };
		5C8A8614295FA66B004AC41E /* Preview Assets.xcassets in Resources */ = {isa = PBXBuildFile; fileRef = 5C8A8613295FA66B004AC41E /* Preview Assets.xcassets */; };
		5C8A861E295FA66C004AC41E /* WordGameIOS_V_1Tests.swift in Sources */ = {isa = PBXBuildFile; fileRef = 5C8A861D295FA66C004AC41E /* WordGameIOS_V_1Tests.swift */; };
		5C8A8628295FA66C004AC41E /* WordGameIOS_V_1UITests.swift in Sources */ = {isa = PBXBuildFile; fileRef = 5C8A8627295FA66C004AC41E /* WordGameIOS_V_1UITests.swift */; };
		5C8A862A295FA66C004AC41E /* WordGameIOS_V_1UITestsLaunchTests.swift in Sources */ = {isa = PBXBuildFile; fileRef = 5C8A8629295FA66C004AC41E /* WordGameIOS_V_1UITestsLaunchTests.swift */; };
		5C8B58CF297FF3B10021A556 /* TypingView.swift in Sources */ = {isa = PBXBuildFile; fileRef = 5C8B58CE297FF3B10021A556 /* TypingView.swift */; };
		5C8B58D5297FF3F70021A556 /* TypingViewModel.swift in Sources */ = {isa = PBXBuildFile; fileRef = 5C8B58D4297FF3F70021A556 /* TypingViewModel.swift */; };
		5C8B58D9297FFCE30021A556 /* WordList.swift in Sources */ = {isa = PBXBuildFile; fileRef = 5C8B58D8297FFCE30021A556 /* WordList.swift */; };
		5C97456C2988136000EBE317 /* TypeHereAnimation.swift in Sources */ = {isa = PBXBuildFile; fileRef = 5C97456B2988136000EBE317 /* TypeHereAnimation.swift */; };
		5C97456E2988139A00EBE317 /* HighlightedLetter.swift in Sources */ = {isa = PBXBuildFile; fileRef = 5C97456D2988139A00EBE317 /* HighlightedLetter.swift */; };
		5C974574298AB75000EBE317 /* TopBarView.swift in Sources */ = {isa = PBXBuildFile; fileRef = 5C974573298AB75000EBE317 /* TopBarView.swift */; };
		5C9745B5298BCCD800EBE317 /* FallingWords.swift in Sources */ = {isa = PBXBuildFile; fileRef = 5C9745B4298BCCD800EBE317 /* FallingWords.swift */; };
		5C9745B7298D2D8D00EBE317 /* Extension.swift in Sources */ = {isa = PBXBuildFile; fileRef = 5C9745B6298D2D8D00EBE317 /* Extension.swift */; };
		5C97460029925AD000EBE317 /* FirebaseFirestore in Frameworks */ = {isa = PBXBuildFile; productRef = 5C9745FF29925AD000EBE317 /* FirebaseFirestore */; };
		5C97460229925AD000EBE317 /* FirebaseFirestoreSwift in Frameworks */ = {isa = PBXBuildFile; productRef = 5C97460129925AD000EBE317 /* FirebaseFirestoreSwift */; };
		5C97460429925AD000EBE317 /* FirebaseFunctions in Frameworks */ = {isa = PBXBuildFile; productRef = 5C97460329925AD000EBE317 /* FirebaseFunctions */; };
		5C97460829925BF100EBE317 /* FirebaseManager.swift in Sources */ = {isa = PBXBuildFile; fileRef = 5C97460729925BF100EBE317 /* FirebaseManager.swift */; };
		5C97460A29925C2100EBE317 /* FirebaseTestWord.swift in Sources */ = {isa = PBXBuildFile; fileRef = 5C97460929925C2100EBE317 /* FirebaseTestWord.swift */; };
		5C97460C29925FE900EBE317 /* GoogleService-Info.plist in Resources */ = {isa = PBXBuildFile; fileRef = 5C97460B29925FE800EBE317 /* GoogleService-Info.plist */; };
		5C97460E2993AD9600EBE317 /* WordView.swift in Sources */ = {isa = PBXBuildFile; fileRef = 5C97460D2993AD9600EBE317 /* WordView.swift */; };
		5C9E9D04296C3F940072ABE9 /* Word.swift in Sources */ = {isa = PBXBuildFile; fileRef = 5C9E9D03296C3F940072ABE9 /* Word.swift */; };
/* End PBXBuildFile section */

/* Begin PBXContainerItemProxy section */
		5C8A861A295FA66C004AC41E /* PBXContainerItemProxy */ = {
			isa = PBXContainerItemProxy;
			containerPortal = 5C8A8601295FA669004AC41E /* Project object */;
			proxyType = 1;
			remoteGlobalIDString = 5C8A8608295FA669004AC41E;
			remoteInfo = "WordGameIOS-V.1";
		};
		5C8A8624295FA66C004AC41E /* PBXContainerItemProxy */ = {
			isa = PBXContainerItemProxy;
			containerPortal = 5C8A8601295FA669004AC41E /* Project object */;
			proxyType = 1;
			remoteGlobalIDString = 5C8A8608295FA669004AC41E;
			remoteInfo = "WordGameIOS-V.1";
		};
/* End PBXContainerItemProxy section */

/* Begin PBXFileReference section */
		5C8A8609295FA669004AC41E /* WordGameIOS-V.1.app */ = {isa = PBXFileReference; explicitFileType = wrapper.application; includeInIndex = 0; path = "WordGameIOS-V.1.app"; sourceTree = BUILT_PRODUCTS_DIR; };
		5C8A860C295FA669004AC41E /* WordGameIOS_V_1App.swift */ = {isa = PBXFileReference; lastKnownFileType = sourcecode.swift; path = WordGameIOS_V_1App.swift; sourceTree = "<group>"; };
		5C8A860E295FA669004AC41E /* ContentView.swift */ = {isa = PBXFileReference; lastKnownFileType = sourcecode.swift; path = ContentView.swift; sourceTree = "<group>"; };
		5C8A8610295FA66B004AC41E /* Assets.xcassets */ = {isa = PBXFileReference; lastKnownFileType = folder.assetcatalog; path = Assets.xcassets; sourceTree = "<group>"; };
		5C8A8613295FA66B004AC41E /* Preview Assets.xcassets */ = {isa = PBXFileReference; lastKnownFileType = folder.assetcatalog; path = "Preview Assets.xcassets"; sourceTree = "<group>"; };
		5C8A8619295FA66C004AC41E /* WordGameIOS-V.1Tests.xctest */ = {isa = PBXFileReference; explicitFileType = wrapper.cfbundle; includeInIndex = 0; path = "WordGameIOS-V.1Tests.xctest"; sourceTree = BUILT_PRODUCTS_DIR; };
		5C8A861D295FA66C004AC41E /* WordGameIOS_V_1Tests.swift */ = {isa = PBXFileReference; lastKnownFileType = sourcecode.swift; path = WordGameIOS_V_1Tests.swift; sourceTree = "<group>"; };
		5C8A8623295FA66C004AC41E /* WordGameIOS-V.1UITests.xctest */ = {isa = PBXFileReference; explicitFileType = wrapper.cfbundle; includeInIndex = 0; path = "WordGameIOS-V.1UITests.xctest"; sourceTree = BUILT_PRODUCTS_DIR; };
		5C8A8627295FA66C004AC41E /* WordGameIOS_V_1UITests.swift */ = {isa = PBXFileReference; lastKnownFileType = sourcecode.swift; path = WordGameIOS_V_1UITests.swift; sourceTree = "<group>"; };
		5C8A8629295FA66C004AC41E /* WordGameIOS_V_1UITestsLaunchTests.swift */ = {isa = PBXFileReference; lastKnownFileType = sourcecode.swift; path = WordGameIOS_V_1UITestsLaunchTests.swift; sourceTree = "<group>"; };
		5C8B58CE297FF3B10021A556 /* TypingView.swift */ = {isa = PBXFileReference; lastKnownFileType = sourcecode.swift; path = TypingView.swift; sourceTree = "<group>"; };
		5C8B58D4297FF3F70021A556 /* TypingViewModel.swift */ = {isa = PBXFileReference; lastKnownFileType = sourcecode.swift; path = TypingViewModel.swift; sourceTree = "<group>"; };
		5C8B58D8297FFCE30021A556 /* WordList.swift */ = {isa = PBXFileReference; lastKnownFileType = sourcecode.swift; path = WordList.swift; sourceTree = "<group>"; };
		5C97456B2988136000EBE317 /* TypeHereAnimation.swift */ = {isa = PBXFileReference; lastKnownFileType = sourcecode.swift; path = TypeHereAnimation.swift; sourceTree = "<group>"; };
		5C97456D2988139A00EBE317 /* HighlightedLetter.swift */ = {isa = PBXFileReference; lastKnownFileType = sourcecode.swift; path = HighlightedLetter.swift; sourceTree = "<group>"; };
		5C974573298AB75000EBE317 /* TopBarView.swift */ = {isa = PBXFileReference; lastKnownFileType = sourcecode.swift; path = TopBarView.swift; sourceTree = "<group>"; };
		5C9745B4298BCCD800EBE317 /* FallingWords.swift */ = {isa = PBXFileReference; lastKnownFileType = sourcecode.swift; path = FallingWords.swift; sourceTree = "<group>"; };
		5C9745B6298D2D8D00EBE317 /* Extension.swift */ = {isa = PBXFileReference; lastKnownFileType = sourcecode.swift; path = Extension.swift; sourceTree = "<group>"; };
		5C97460729925BF100EBE317 /* FirebaseManager.swift */ = {isa = PBXFileReference; lastKnownFileType = sourcecode.swift; path = FirebaseManager.swift; sourceTree = "<group>"; };
		5C97460929925C2100EBE317 /* FirebaseTestWord.swift */ = {isa = PBXFileReference; lastKnownFileType = sourcecode.swift; path = FirebaseTestWord.swift; sourceTree = "<group>"; };
		5C97460B29925FE800EBE317 /* GoogleService-Info.plist */ = {isa = PBXFileReference; fileEncoding = 4; lastKnownFileType = text.plist.xml; path = "GoogleService-Info.plist"; sourceTree = "<group>"; };
		5C97460D2993AD9600EBE317 /* WordView.swift */ = {isa = PBXFileReference; lastKnownFileType = sourcecode.swift; path = WordView.swift; sourceTree = "<group>"; };
		5C9E9D03296C3F940072ABE9 /* Word.swift */ = {isa = PBXFileReference; lastKnownFileType = sourcecode.swift; path = Word.swift; sourceTree = "<group>"; };
/* End PBXFileReference section */

/* Begin PBXFrameworksBuildPhase section */
		5C8A8606295FA669004AC41E /* Frameworks */ = {
			isa = PBXFrameworksBuildPhase;
			buildActionMask = 2147483647;
			files = (
				5C97460429925AD000EBE317 /* FirebaseFunctions in Frameworks */,
				5C97460029925AD000EBE317 /* FirebaseFirestore in Frameworks */,
				5C97460229925AD000EBE317 /* FirebaseFirestoreSwift in Frameworks */,
			);
			runOnlyForDeploymentPostprocessing = 0;
		};
		5C8A8616295FA66C004AC41E /* Frameworks */ = {
			isa = PBXFrameworksBuildPhase;
			buildActionMask = 2147483647;
			files = (
			);
			runOnlyForDeploymentPostprocessing = 0;
		};
		5C8A8620295FA66C004AC41E /* Frameworks */ = {
			isa = PBXFrameworksBuildPhase;
			buildActionMask = 2147483647;
			files = (
			);
			runOnlyForDeploymentPostprocessing = 0;
		};
/* End PBXFrameworksBuildPhase section */

/* Begin PBXGroup section */
		5C8A8600295FA669004AC41E = {
			isa = PBXGroup;
			children = (
				5C8A860B295FA669004AC41E /* WordGameIOS-V.1 */,
				5C8A861C295FA66C004AC41E /* WordGameIOS-V.1Tests */,
				5C8A8626295FA66C004AC41E /* WordGameIOS-V.1UITests */,
				5C8A860A295FA669004AC41E /* Products */,
			);
			sourceTree = "<group>";
		};
		5C8A860A295FA669004AC41E /* Products */ = {
			isa = PBXGroup;
			children = (
				5C8A8609295FA669004AC41E /* WordGameIOS-V.1.app */,
				5C8A8619295FA66C004AC41E /* WordGameIOS-V.1Tests.xctest */,
				5C8A8623295FA66C004AC41E /* WordGameIOS-V.1UITests.xctest */,
			);
			name = Products;
			sourceTree = "<group>";
		};
		5C8A860B295FA669004AC41E /* WordGameIOS-V.1 */ = {
			isa = PBXGroup;
			children = (
				5C8A860C295FA669004AC41E /* WordGameIOS_V_1App.swift */,
				5C9E9D8529783D520072ABE9 /* View */,
				5C9E9D8829783E2C0072ABE9 /* ViewModel */,
				5C9E9D8429783D0E0072ABE9 /* Model */,
				5C8A860E295FA669004AC41E /* ContentView.swift */,
				5C8A8610295FA66B004AC41E /* Assets.xcassets */,
				5C97460B29925FE800EBE317 /* GoogleService-Info.plist */,
				5C8A8612295FA66B004AC41E /* Preview Content */,
			);
			path = "WordGameIOS-V.1";
			sourceTree = "<group>";
		};
		5C8A8612295FA66B004AC41E /* Preview Content */ = {
			isa = PBXGroup;
			children = (
				5C8A8613295FA66B004AC41E /* Preview Assets.xcassets */,
			);
			path = "Preview Content";
			sourceTree = "<group>";
		};
		5C8A861C295FA66C004AC41E /* WordGameIOS-V.1Tests */ = {
			isa = PBXGroup;
			children = (
				5C8A861D295FA66C004AC41E /* WordGameIOS_V_1Tests.swift */,
			);
			path = "WordGameIOS-V.1Tests";
			sourceTree = "<group>";
		};
		5C8A8626295FA66C004AC41E /* WordGameIOS-V.1UITests */ = {
			isa = PBXGroup;
			children = (
				5C8A8627295FA66C004AC41E /* WordGameIOS_V_1UITests.swift */,
				5C8A8629295FA66C004AC41E /* WordGameIOS_V_1UITestsLaunchTests.swift */,
			);
			path = "WordGameIOS-V.1UITests";
			sourceTree = "<group>";
		};
		5C9E9D8429783D0E0072ABE9 /* Model */ = {
			isa = PBXGroup;
			children = (
				5C9E9D03296C3F940072ABE9 /* Word.swift */,
				5C97460929925C2100EBE317 /* FirebaseTestWord.swift */,
				5C97460729925BF100EBE317 /* FirebaseManager.swift */,
				5C9745B6298D2D8D00EBE317 /* Extension.swift */,
				5C8B58D8297FFCE30021A556 /* WordList.swift */,
			);
			path = Model;
			sourceTree = "<group>";
		};
		5C9E9D8529783D520072ABE9 /* View */ = {
			isa = PBXGroup;
			children = (
				5C8B58CE297FF3B10021A556 /* TypingView.swift */,
				5C974573298AB75000EBE317 /* TopBarView.swift */,
				5C97456B2988136000EBE317 /* TypeHereAnimation.swift */,
				5C9745B4298BCCD800EBE317 /* FallingWords.swift */,
				5C97456D2988139A00EBE317 /* HighlightedLetter.swift */,
				5C97460D2993AD9600EBE317 /* WordView.swift */,
			);
			path = View;
			sourceTree = "<group>";
		};
		5C9E9D8829783E2C0072ABE9 /* ViewModel */ = {
			isa = PBXGroup;
			children = (
				5C8B58D4297FF3F70021A556 /* TypingViewModel.swift */,
			);
			path = ViewModel;
			sourceTree = "<group>";
		};
/* End PBXGroup section */

/* Begin PBXNativeTarget section */
		5C8A8608295FA669004AC41E /* WordGameIOS-V.1 */ = {
			isa = PBXNativeTarget;
			buildConfigurationList = 5C8A862D295FA66C004AC41E /* Build configuration list for PBXNativeTarget "WordGameIOS-V.1" */;
			buildPhases = (
				5C8A8605295FA669004AC41E /* Sources */,
				5C8A8606295FA669004AC41E /* Frameworks */,
				5C8A8607295FA669004AC41E /* Resources */,
			);
			buildRules = (
			);
			dependencies = (
			);
			name = "WordGameIOS-V.1";
			packageProductDependencies = (
				5C9745FF29925AD000EBE317 /* FirebaseFirestore */,
				5C97460129925AD000EBE317 /* FirebaseFirestoreSwift */,
				5C97460329925AD000EBE317 /* FirebaseFunctions */,
			);
			productName = "WordGameIOS-V.1";
			productReference = 5C8A8609295FA669004AC41E /* WordGameIOS-V.1.app */;
			productType = "com.apple.product-type.application";
		};
		5C8A8618295FA66C004AC41E /* WordGameIOS-V.1Tests */ = {
			isa = PBXNativeTarget;
			buildConfigurationList = 5C8A8630295FA66C004AC41E /* Build configuration list for PBXNativeTarget "WordGameIOS-V.1Tests" */;
			buildPhases = (
				5C8A8615295FA66C004AC41E /* Sources */,
				5C8A8616295FA66C004AC41E /* Frameworks */,
				5C8A8617295FA66C004AC41E /* Resources */,
			);
			buildRules = (
			);
			dependencies = (
				5C8A861B295FA66C004AC41E /* PBXTargetDependency */,
			);
			name = "WordGameIOS-V.1Tests";
			productName = "WordGameIOS-V.1Tests";
			productReference = 5C8A8619295FA66C004AC41E /* WordGameIOS-V.1Tests.xctest */;
			productType = "com.apple.product-type.bundle.unit-test";
		};
		5C8A8622295FA66C004AC41E /* WordGameIOS-V.1UITests */ = {
			isa = PBXNativeTarget;
			buildConfigurationList = 5C8A8633295FA66C004AC41E /* Build configuration list for PBXNativeTarget "WordGameIOS-V.1UITests" */;
			buildPhases = (
				5C8A861F295FA66C004AC41E /* Sources */,
				5C8A8620295FA66C004AC41E /* Frameworks */,
				5C8A8621295FA66C004AC41E /* Resources */,
			);
			buildRules = (
			);
			dependencies = (
				5C8A8625295FA66C004AC41E /* PBXTargetDependency */,
			);
			name = "WordGameIOS-V.1UITests";
			productName = "WordGameIOS-V.1UITests";
			productReference = 5C8A8623295FA66C004AC41E /* WordGameIOS-V.1UITests.xctest */;
			productType = "com.apple.product-type.bundle.ui-testing";
		};
/* End PBXNativeTarget section */

/* Begin PBXProject section */
		5C8A8601295FA669004AC41E /* Project object */ = {
			isa = PBXProject;
			attributes = {
				BuildIndependentTargetsInParallel = 1;
				LastSwiftUpdateCheck = 1420;
				LastUpgradeCheck = 1420;
				TargetAttributes = {
					5C8A8608295FA669004AC41E = {
						CreatedOnToolsVersion = 14.2;
					};
					5C8A8618295FA66C004AC41E = {
						CreatedOnToolsVersion = 14.2;
						TestTargetID = 5C8A8608295FA669004AC41E;
					};
					5C8A8622295FA66C004AC41E = {
						CreatedOnToolsVersion = 14.2;
						TestTargetID = 5C8A8608295FA669004AC41E;
					};
				};
			};
			buildConfigurationList = 5C8A8604295FA669004AC41E /* Build configuration list for PBXProject "WordGameIOS-V.1" */;
			compatibilityVersion = "Xcode 14.0";
			developmentRegion = en;
			hasScannedForEncodings = 0;
			knownRegions = (
				en,
				Base,
			);
			mainGroup = 5C8A8600295FA669004AC41E;
			packageReferences = (
				5C9745FE29925AD000EBE317 /* XCRemoteSwiftPackageReference "firebase-ios-sdk" */,
			);
			productRefGroup = 5C8A860A295FA669004AC41E /* Products */;
			projectDirPath = "";
			projectRoot = "";
			targets = (
				5C8A8608295FA669004AC41E /* WordGameIOS-V.1 */,
				5C8A8618295FA66C004AC41E /* WordGameIOS-V.1Tests */,
				5C8A8622295FA66C004AC41E /* WordGameIOS-V.1UITests */,
			);
		};
/* End PBXProject section */

/* Begin PBXResourcesBuildPhase section */
		5C8A8607295FA669004AC41E /* Resources */ = {
			isa = PBXResourcesBuildPhase;
			buildActionMask = 2147483647;
			files = (
				5C8A8614295FA66B004AC41E /* Preview Assets.xcassets in Resources */,
				5C8A8611295FA66B004AC41E /* Assets.xcassets in Resources */,
				5C97460C29925FE900EBE317 /* GoogleService-Info.plist in Resources */,
			);
			runOnlyForDeploymentPostprocessing = 0;
		};
		5C8A8617295FA66C004AC41E /* Resources */ = {
			isa = PBXResourcesBuildPhase;
			buildActionMask = 2147483647;
			files = (
			);
			runOnlyForDeploymentPostprocessing = 0;
		};
		5C8A8621295FA66C004AC41E /* Resources */ = {
			isa = PBXResourcesBuildPhase;
			buildActionMask = 2147483647;
			files = (
			);
			runOnlyForDeploymentPostprocessing = 0;
		};
/* End PBXResourcesBuildPhase section */

/* Begin PBXSourcesBuildPhase section */
		5C8A8605295FA669004AC41E /* Sources */ = {
			isa = PBXSourcesBuildPhase;
			buildActionMask = 2147483647;
			files = (
				5C97460829925BF100EBE317 /* FirebaseManager.swift in Sources */,
				5C974574298AB75000EBE317 /* TopBarView.swift in Sources */,
				5C8A860F295FA669004AC41E /* ContentView.swift in Sources */,
				5C97460A29925C2100EBE317 /* FirebaseTestWord.swift in Sources */,
				5C9E9D04296C3F940072ABE9 /* Word.swift in Sources */,
				5C8A860D295FA669004AC41E /* WordGameIOS_V_1App.swift in Sources */,
				5C9745B7298D2D8D00EBE317 /* Extension.swift in Sources */,
				5C97456E2988139A00EBE317 /* HighlightedLetter.swift in Sources */,
				5C9745B5298BCCD800EBE317 /* FallingWords.swift in Sources */,
				5C8B58CF297FF3B10021A556 /* TypingView.swift in Sources */,
				5C97460E2993AD9600EBE317 /* WordView.swift in Sources */,
				5C97456C2988136000EBE317 /* TypeHereAnimation.swift in Sources */,
				5C8B58D5297FF3F70021A556 /* TypingViewModel.swift in Sources */,
				5C8B58D9297FFCE30021A556 /* WordList.swift in Sources */,
			);
			runOnlyForDeploymentPostprocessing = 0;
		};
		5C8A8615295FA66C004AC41E /* Sources */ = {
			isa = PBXSourcesBuildPhase;
			buildActionMask = 2147483647;
			files = (
				5C8A861E295FA66C004AC41E /* WordGameIOS_V_1Tests.swift in Sources */,
			);
			runOnlyForDeploymentPostprocessing = 0;
		};
		5C8A861F295FA66C004AC41E /* Sources */ = {
			isa = PBXSourcesBuildPhase;
			buildActionMask = 2147483647;
			files = (
				5C8A8628295FA66C004AC41E /* WordGameIOS_V_1UITests.swift in Sources */,
				5C8A862A295FA66C004AC41E /* WordGameIOS_V_1UITestsLaunchTests.swift in Sources */,
			);
			runOnlyForDeploymentPostprocessing = 0;
		};
/* End PBXSourcesBuildPhase section */

/* Begin PBXTargetDependency section */
		5C8A861B295FA66C004AC41E /* PBXTargetDependency */ = {
			isa = PBXTargetDependency;
			target = 5C8A8608295FA669004AC41E /* WordGameIOS-V.1 */;
			targetProxy = 5C8A861A295FA66C004AC41E /* PBXContainerItemProxy */;
		};
		5C8A8625295FA66C004AC41E /* PBXTargetDependency */ = {
			isa = PBXTargetDependency;
			target = 5C8A8608295FA669004AC41E /* WordGameIOS-V.1 */;
			targetProxy = 5C8A8624295FA66C004AC41E /* PBXContainerItemProxy */;
		};
/* End PBXTargetDependency section */

/* Begin XCBuildConfiguration section */
		5C8A862B295FA66C004AC41E /* Debug */ = {
			isa = XCBuildConfiguration;
			buildSettings = {
				ALWAYS_SEARCH_USER_PATHS = NO;
				CLANG_ANALYZER_NONNULL = YES;
				CLANG_ANALYZER_NUMBER_OBJECT_CONVERSION = YES_AGGRESSIVE;
				CLANG_CXX_LANGUAGE_STANDARD = "gnu++20";
				CLANG_ENABLE_MODULES = YES;
				CLANG_ENABLE_OBJC_ARC = YES;
				CLANG_ENABLE_OBJC_WEAK = YES;
				CLANG_WARN_BLOCK_CAPTURE_AUTORELEASING = YES;
				CLANG_WARN_BOOL_CONVERSION = YES;
				CLANG_WARN_COMMA = YES;
				CLANG_WARN_CONSTANT_CONVERSION = YES;
				CLANG_WARN_DEPRECATED_OBJC_IMPLEMENTATIONS = YES;
				CLANG_WARN_DIRECT_OBJC_ISA_USAGE = YES_ERROR;
				CLANG_WARN_DOCUMENTATION_COMMENTS = YES;
				CLANG_WARN_EMPTY_BODY = YES;
				CLANG_WARN_ENUM_CONVERSION = YES;
				CLANG_WARN_INFINITE_RECURSION = YES;
				CLANG_WARN_INT_CONVERSION = YES;
				CLANG_WARN_NON_LITERAL_NULL_CONVERSION = YES;
				CLANG_WARN_OBJC_IMPLICIT_RETAIN_SELF = YES;
				CLANG_WARN_OBJC_LITERAL_CONVERSION = YES;
				CLANG_WARN_OBJC_ROOT_CLASS = YES_ERROR;
				CLANG_WARN_QUOTED_INCLUDE_IN_FRAMEWORK_HEADER = YES;
				CLANG_WARN_RANGE_LOOP_ANALYSIS = YES;
				CLANG_WARN_STRICT_PROTOTYPES = YES;
				CLANG_WARN_SUSPICIOUS_MOVE = YES;
				CLANG_WARN_UNGUARDED_AVAILABILITY = YES_AGGRESSIVE;
				CLANG_WARN_UNREACHABLE_CODE = YES;
				CLANG_WARN__DUPLICATE_METHOD_MATCH = YES;
				COPY_PHASE_STRIP = NO;
				DEBUG_INFORMATION_FORMAT = dwarf;
				ENABLE_STRICT_OBJC_MSGSEND = YES;
				ENABLE_TESTABILITY = YES;
				GCC_C_LANGUAGE_STANDARD = gnu11;
				GCC_DYNAMIC_NO_PIC = NO;
				GCC_NO_COMMON_BLOCKS = YES;
				GCC_OPTIMIZATION_LEVEL = 0;
				GCC_PREPROCESSOR_DEFINITIONS = (
					"DEBUG=1",
					"$(inherited)",
				);
				GCC_WARN_64_TO_32_BIT_CONVERSION = YES;
				GCC_WARN_ABOUT_RETURN_TYPE = YES_ERROR;
				GCC_WARN_UNDECLARED_SELECTOR = YES;
				GCC_WARN_UNINITIALIZED_AUTOS = YES_AGGRESSIVE;
				GCC_WARN_UNUSED_FUNCTION = YES;
				GCC_WARN_UNUSED_VARIABLE = YES;
				IPHONEOS_DEPLOYMENT_TARGET = 16.2;
				MTL_ENABLE_DEBUG_INFO = INCLUDE_SOURCE;
				MTL_FAST_MATH = YES;
				ONLY_ACTIVE_ARCH = YES;
				SDKROOT = iphoneos;
				SWIFT_ACTIVE_COMPILATION_CONDITIONS = DEBUG;
				SWIFT_OPTIMIZATION_LEVEL = "-Onone";
			};
			name = Debug;
		};
		5C8A862C295FA66C004AC41E /* Release */ = {
			isa = XCBuildConfiguration;
			buildSettings = {
				ALWAYS_SEARCH_USER_PATHS = NO;
				CLANG_ANALYZER_NONNULL = YES;
				CLANG_ANALYZER_NUMBER_OBJECT_CONVERSION = YES_AGGRESSIVE;
				CLANG_CXX_LANGUAGE_STANDARD = "gnu++20";
				CLANG_ENABLE_MODULES = YES;
				CLANG_ENABLE_OBJC_ARC = YES;
				CLANG_ENABLE_OBJC_WEAK = YES;
				CLANG_WARN_BLOCK_CAPTURE_AUTORELEASING = YES;
				CLANG_WARN_BOOL_CONVERSION = YES;
				CLANG_WARN_COMMA = YES;
				CLANG_WARN_CONSTANT_CONVERSION = YES;
				CLANG_WARN_DEPRECATED_OBJC_IMPLEMENTATIONS = YES;
				CLANG_WARN_DIRECT_OBJC_ISA_USAGE = YES_ERROR;
				CLANG_WARN_DOCUMENTATION_COMMENTS = YES;
				CLANG_WARN_EMPTY_BODY = YES;
				CLANG_WARN_ENUM_CONVERSION = YES;
				CLANG_WARN_INFINITE_RECURSION = YES;
				CLANG_WARN_INT_CONVERSION = YES;
				CLANG_WARN_NON_LITERAL_NULL_CONVERSION = YES;
				CLANG_WARN_OBJC_IMPLICIT_RETAIN_SELF = YES;
				CLANG_WARN_OBJC_LITERAL_CONVERSION = YES;
				CLANG_WARN_OBJC_ROOT_CLASS = YES_ERROR;
				CLANG_WARN_QUOTED_INCLUDE_IN_FRAMEWORK_HEADER = YES;
				CLANG_WARN_RANGE_LOOP_ANALYSIS = YES;
				CLANG_WARN_STRICT_PROTOTYPES = YES;
				CLANG_WARN_SUSPICIOUS_MOVE = YES;
				CLANG_WARN_UNGUARDED_AVAILABILITY = YES_AGGRESSIVE;
				CLANG_WARN_UNREACHABLE_CODE = YES;
				CLANG_WARN__DUPLICATE_METHOD_MATCH = YES;
				COPY_PHASE_STRIP = NO;
				DEBUG_INFORMATION_FORMAT = "dwarf-with-dsym";
				ENABLE_NS_ASSERTIONS = NO;
				ENABLE_STRICT_OBJC_MSGSEND = YES;
				GCC_C_LANGUAGE_STANDARD = gnu11;
				GCC_NO_COMMON_BLOCKS = YES;
				GCC_WARN_64_TO_32_BIT_CONVERSION = YES;
				GCC_WARN_ABOUT_RETURN_TYPE = YES_ERROR;
				GCC_WARN_UNDECLARED_SELECTOR = YES;
				GCC_WARN_UNINITIALIZED_AUTOS = YES_AGGRESSIVE;
				GCC_WARN_UNUSED_FUNCTION = YES;
				GCC_WARN_UNUSED_VARIABLE = YES;
				IPHONEOS_DEPLOYMENT_TARGET = 16.2;
				MTL_ENABLE_DEBUG_INFO = NO;
				MTL_FAST_MATH = YES;
				SDKROOT = iphoneos;
				SWIFT_COMPILATION_MODE = wholemodule;
				SWIFT_OPTIMIZATION_LEVEL = "-O";
				VALIDATE_PRODUCT = YES;
			};
			name = Release;
		};
		5C8A862E295FA66C004AC41E /* Debug */ = {
			isa = XCBuildConfiguration;
			buildSettings = {
				ASSETCATALOG_COMPILER_APPICON_NAME = AppIcon;
				ASSETCATALOG_COMPILER_GLOBAL_ACCENT_COLOR_NAME = AccentColor;
				CODE_SIGN_STYLE = Automatic;
				CURRENT_PROJECT_VERSION = 1;
				DEVELOPMENT_ASSET_PATHS = "\"WordGameIOS-V.1/Preview Content\"";
				DEVELOPMENT_TEAM = CH5SPF6555;
				ENABLE_PREVIEWS = YES;
				GENERATE_INFOPLIST_FILE = YES;
				INFOPLIST_KEY_UIApplicationSceneManifest_Generation = YES;
				INFOPLIST_KEY_UIApplicationSupportsIndirectInputEvents = YES;
				INFOPLIST_KEY_UILaunchScreen_Generation = YES;
				INFOPLIST_KEY_UISupportedInterfaceOrientations_iPad = "UIInterfaceOrientationPortrait UIInterfaceOrientationPortraitUpsideDown UIInterfaceOrientationLandscapeLeft UIInterfaceOrientationLandscapeRight";
				INFOPLIST_KEY_UISupportedInterfaceOrientations_iPhone = "UIInterfaceOrientationPortrait UIInterfaceOrientationLandscapeLeft UIInterfaceOrientationLandscapeRight";
				LD_RUNPATH_SEARCH_PATHS = (
					"$(inherited)",
					"@executable_path/Frameworks",
				);
				MARKETING_VERSION = 1.0;
				PRODUCT_BUNDLE_IDENTIFIER = "com.example.WordGameIOS-V-1";
				PRODUCT_NAME = "$(TARGET_NAME)";
				SWIFT_EMIT_LOC_STRINGS = YES;
				SWIFT_VERSION = 5.0;
				TARGETED_DEVICE_FAMILY = "1,2";
			};
			name = Debug;
		};
		5C8A862F295FA66C004AC41E /* Release */ = {
			isa = XCBuildConfiguration;
			buildSettings = {
				ASSETCATALOG_COMPILER_APPICON_NAME = AppIcon;
				ASSETCATALOG_COMPILER_GLOBAL_ACCENT_COLOR_NAME = AccentColor;
				CODE_SIGN_STYLE = Automatic;
				CURRENT_PROJECT_VERSION = 1;
				DEVELOPMENT_ASSET_PATHS = "\"WordGameIOS-V.1/Preview Content\"";
				DEVELOPMENT_TEAM = CH5SPF6555;
				ENABLE_PREVIEWS = YES;
				GENERATE_INFOPLIST_FILE = YES;
				INFOPLIST_KEY_UIApplicationSceneManifest_Generation = YES;
				INFOPLIST_KEY_UIApplicationSupportsIndirectInputEvents = YES;
				INFOPLIST_KEY_UILaunchScreen_Generation = YES;
				INFOPLIST_KEY_UISupportedInterfaceOrientations_iPad = "UIInterfaceOrientationPortrait UIInterfaceOrientationPortraitUpsideDown UIInterfaceOrientationLandscapeLeft UIInterfaceOrientationLandscapeRight";
				INFOPLIST_KEY_UISupportedInterfaceOrientations_iPhone = "UIInterfaceOrientationPortrait UIInterfaceOrientationLandscapeLeft UIInterfaceOrientationLandscapeRight";
				LD_RUNPATH_SEARCH_PATHS = (
					"$(inherited)",
					"@executable_path/Frameworks",
				);
				MARKETING_VERSION = 1.0;
				PRODUCT_BUNDLE_IDENTIFIER = "com.example.WordGameIOS-V-1";
				PRODUCT_NAME = "$(TARGET_NAME)";
				SWIFT_EMIT_LOC_STRINGS = YES;
				SWIFT_VERSION = 5.0;
				TARGETED_DEVICE_FAMILY = "1,2";
			};
			name = Release;
		};
		5C8A8631295FA66C004AC41E /* Debug */ = {
			isa = XCBuildConfiguration;
			buildSettings = {
				ALWAYS_EMBED_SWIFT_STANDARD_LIBRARIES = YES;
				BUNDLE_LOADER = "$(TEST_HOST)";
				CODE_SIGN_STYLE = Automatic;
				CURRENT_PROJECT_VERSION = 1;
				DEVELOPMENT_TEAM = CH5SPF6555;
				GENERATE_INFOPLIST_FILE = YES;
				IPHONEOS_DEPLOYMENT_TARGET = 16.2;
				MARKETING_VERSION = 1.0;
				PRODUCT_BUNDLE_IDENTIFIER = "com.example.WordGameIOS-V-1Tests";
				PRODUCT_NAME = "$(TARGET_NAME)";
				SWIFT_EMIT_LOC_STRINGS = NO;
				SWIFT_VERSION = 5.0;
				TARGETED_DEVICE_FAMILY = "1,2";
				TEST_HOST = "$(BUILT_PRODUCTS_DIR)/WordGameIOS-V.1.app/$(BUNDLE_EXECUTABLE_FOLDER_PATH)/WordGameIOS-V.1";
			};
			name = Debug;
		};
		5C8A8632295FA66C004AC41E /* Release */ = {
			isa = XCBuildConfiguration;
			buildSettings = {
				ALWAYS_EMBED_SWIFT_STANDARD_LIBRARIES = YES;
				BUNDLE_LOADER = "$(TEST_HOST)";
				CODE_SIGN_STYLE = Automatic;
				CURRENT_PROJECT_VERSION = 1;
				DEVELOPMENT_TEAM = CH5SPF6555;
				GENERATE_INFOPLIST_FILE = YES;
				IPHONEOS_DEPLOYMENT_TARGET = 16.2;
				MARKETING_VERSION = 1.0;
				PRODUCT_BUNDLE_IDENTIFIER = "com.example.WordGameIOS-V-1Tests";
				PRODUCT_NAME = "$(TARGET_NAME)";
				SWIFT_EMIT_LOC_STRINGS = NO;
				SWIFT_VERSION = 5.0;
				TARGETED_DEVICE_FAMILY = "1,2";
				TEST_HOST = "$(BUILT_PRODUCTS_DIR)/WordGameIOS-V.1.app/$(BUNDLE_EXECUTABLE_FOLDER_PATH)/WordGameIOS-V.1";
			};
			name = Release;
		};
		5C8A8634295FA66C004AC41E /* Debug */ = {
			isa = XCBuildConfiguration;
			buildSettings = {
				ALWAYS_EMBED_SWIFT_STANDARD_LIBRARIES = YES;
				CODE_SIGN_STYLE = Automatic;
				CURRENT_PROJECT_VERSION = 1;
				DEVELOPMENT_TEAM = CH5SPF6555;
				GENERATE_INFOPLIST_FILE = YES;
				MARKETING_VERSION = 1.0;
				PRODUCT_BUNDLE_IDENTIFIER = "com.example.WordGameIOS-V-1UITests";
				PRODUCT_NAME = "$(TARGET_NAME)";
				SWIFT_EMIT_LOC_STRINGS = NO;
				SWIFT_VERSION = 5.0;
				TARGETED_DEVICE_FAMILY = "1,2";
				TEST_TARGET_NAME = "WordGameIOS-V.1";
			};
			name = Debug;
		};
		5C8A8635295FA66C004AC41E /* Release */ = {
			isa = XCBuildConfiguration;
			buildSettings = {
				ALWAYS_EMBED_SWIFT_STANDARD_LIBRARIES = YES;
				CODE_SIGN_STYLE = Automatic;
				CURRENT_PROJECT_VERSION = 1;
				DEVELOPMENT_TEAM = CH5SPF6555;
				GENERATE_INFOPLIST_FILE = YES;
				MARKETING_VERSION = 1.0;
				PRODUCT_BUNDLE_IDENTIFIER = "com.example.WordGameIOS-V-1UITests";
				PRODUCT_NAME = "$(TARGET_NAME)";
				SWIFT_EMIT_LOC_STRINGS = NO;
				SWIFT_VERSION = 5.0;
				TARGETED_DEVICE_FAMILY = "1,2";
				TEST_TARGET_NAME = "WordGameIOS-V.1";
			};
			name = Release;
		};
/* End XCBuildConfiguration section */

/* Begin XCConfigurationList section */
		5C8A8604295FA669004AC41E /* Build configuration list for PBXProject "WordGameIOS-V.1" */ = {
			isa = XCConfigurationList;
			buildConfigurations = (
				5C8A862B295FA66C004AC41E /* Debug */,
				5C8A862C295FA66C004AC41E /* Release */,
			);
			defaultConfigurationIsVisible = 0;
			defaultConfigurationName = Release;
		};
		5C8A862D295FA66C004AC41E /* Build configuration list for PBXNativeTarget "WordGameIOS-V.1" */ = {
			isa = XCConfigurationList;
			buildConfigurations = (
				5C8A862E295FA66C004AC41E /* Debug */,
				5C8A862F295FA66C004AC41E /* Release */,
			);
			defaultConfigurationIsVisible = 0;
			defaultConfigurationName = Release;
		};
		5C8A8630295FA66C004AC41E /* Build configuration list for PBXNativeTarget "WordGameIOS-V.1Tests" */ = {
			isa = XCConfigurationList;
			buildConfigurations = (
				5C8A8631295FA66C004AC41E /* Debug */,
				5C8A8632295FA66C004AC41E /* Release */,
			);
			defaultConfigurationIsVisible = 0;
			defaultConfigurationName = Release;
		};
		5C8A8633295FA66C004AC41E /* Build configuration list for PBXNativeTarget "WordGameIOS-V.1UITests" */ = {
			isa = XCConfigurationList;
			buildConfigurations = (
				5C8A8634295FA66C004AC41E /* Debug */,
				5C8A8635295FA66C004AC41E /* Release */,
			);
			defaultConfigurationIsVisible = 0;
			defaultConfigurationName = Release;
		};
/* End XCConfigurationList section */

/* Begin XCRemoteSwiftPackageReference section */
		5C9745FE29925AD000EBE317 /* XCRemoteSwiftPackageReference "firebase-ios-sdk" */ = {
			isa = XCRemoteSwiftPackageReference;
			repositoryURL = "https://github.com/firebase/firebase-ios-sdk";
			requirement = {
				branch = master;
				kind = branch;
			};
		};
/* End XCRemoteSwiftPackageReference section */

/* Begin XCSwiftPackageProductDependency section */
		5C9745FF29925AD000EBE317 /* FirebaseFirestore */ = {
			isa = XCSwiftPackageProductDependency;
			package = 5C9745FE29925AD000EBE317 /* XCRemoteSwiftPackageReference "firebase-ios-sdk" */;
			productName = FirebaseFirestore;
		};
		5C97460129925AD000EBE317 /* FirebaseFirestoreSwift */ = {
			isa = XCSwiftPackageProductDependency;
			package = 5C9745FE29925AD000EBE317 /* XCRemoteSwiftPackageReference "firebase-ios-sdk" */;
			productName = FirebaseFirestoreSwift;
		};
		5C97460329925AD000EBE317 /* FirebaseFunctions */ = {
			isa = XCSwiftPackageProductDependency;
			package = 5C9745FE29925AD000EBE317 /* XCRemoteSwiftPackageReference "firebase-ios-sdk" */;
			productName = FirebaseFunctions;
		};
/* End XCSwiftPackageProductDependency section */
	};
	rootObject = 5C8A8601295FA669004AC41E /* Project object */;
}
